
Microsoft Visual Studio Solution File, Format Version 12.00
# Visual Studio 15
VisualStudioVersion = 15.0.27703.2042
MinimumVisualStudioVersion = 10.0.40219.1
Project("{FAE04EC0-301F-11D3-BF4B-00C04F79EFBC}") = "ProtoRIOControl.Android", "ProtoRIOControl\ProtoRIOControl.Android\ProtoRIOControl.Android.csproj", "{FC15D27A-59B0-4B69-92D3-58A7F2759340}"
EndProject
Project("{FAE04EC0-301F-11D3-BF4B-00C04F79EFBC}") = "ProtoRIOControl.iOS", "ProtoRIOControl\ProtoRIOControl.iOS\ProtoRIOControl.iOS.csproj", "{2CD0627E-34DF-421A-80D0-F8A0AC2E8CDB}"
EndProject
Project("{FAE04EC0-301F-11D3-BF4B-00C04F79EFBC}") = "ProtoRIOControl.UWP", "ProtoRIOControl\ProtoRIOControl.UWP\ProtoRIOControl.UWP.csproj", "{EE5EC391-B4A6-4283-B39C-9C80A0C07F33}"
EndProject
Project("{FAE04EC0-301F-11D3-BF4B-00C04F79EFBC}") = "ProtoRIOControl", "ProtoRIOControl\ProtoRIOControl\ProtoRIOControl.csproj", "{5A8D6EF2-D13B-4655-AF05-A0798B1BB089}"
EndProject
Global
	GlobalSection(SolutionConfigurationPlatforms) = preSolution
		Ad-Hoc|Any CPU = Ad-Hoc|Any CPU
		Ad-Hoc|ARM = Ad-Hoc|ARM
		Ad-Hoc|iPhone = Ad-Hoc|iPhone
		Ad-Hoc|iPhoneSimulator = Ad-Hoc|iPhoneSimulator
		Ad-Hoc|x64 = Ad-Hoc|x64
		Ad-Hoc|x86 = Ad-Hoc|x86
		AppStore|Any CPU = AppStore|Any CPU
		AppStore|ARM = AppStore|ARM
		AppStore|iPhone = AppStore|iPhone
		AppStore|iPhoneSimulator = AppStore|iPhoneSimulator
		AppStore|x64 = AppStore|x64
		AppStore|x86 = AppStore|x86
		Debug|Any CPU = Debug|Any CPU
		Debug|ARM = Debug|ARM
		Debug|iPhone = Debug|iPhone
		Debug|iPhoneSimulator = Debug|iPhoneSimulator
		Debug|x64 = Debug|x64
		Debug|x86 = Debug|x86
		Release|Any CPU = Release|Any CPU
		Release|ARM = Release|ARM
		Release|iPhone = Release|iPhone
		Release|iPhoneSimulator = Release|iPhoneSimulator
		Release|x64 = Release|x64
		Release|x86 = Release|x86
	EndGlobalSection
	GlobalSection(ProjectConfigurationPlatforms) = postSolution
		{FC15D27A-59B0-4B69-92D3-58A7F2759340}.Ad-Hoc|Any CPU.ActiveCfg = Release|Any CPU
		{FC15D27A-59B0-4B69-92D3-58A7F2759340}.Ad-Hoc|Any CPU.Build.0 = Release|Any CPU
		{FC15D27A-59B0-4B69-92D3-58A7F2759340}.Ad-Hoc|Any CPU.Deploy.0 = Release|Any CPU
		{FC15D27A-59B0-4B69-92D3-58A7F2759340}.Ad-Hoc|ARM.ActiveCfg = Release|Any CPU
		{FC15D27A-59B0-4B69-92D3-58A7F2759340}.Ad-Hoc|ARM.Build.0 = Release|Any CPU
		{FC15D27A-59B0-4B69-92D3-58A7F2759340}.Ad-Hoc|ARM.Deploy.0 = Release|Any CPU
		{FC15D27A-59B0-4B69-92D3-58A7F2759340}.Ad-Hoc|iPhone.ActiveCfg = Release|Any CPU
		{FC15D27A-59B0-4B69-92D3-58A7F2759340}.Ad-Hoc|iPhone.Build.0 = Release|Any CPU
		{FC15D27A-59B0-4B69-92D3-58A7F2759340}.Ad-Hoc|iPhone.Deploy.0 = Release|Any CPU
		{FC15D27A-59B0-4B69-92D3-58A7F2759340}.Ad-Hoc|iPhoneSimulator.ActiveCfg = Release|Any CPU
		{FC15D27A-59B0-4B69-92D3-58A7F2759340}.Ad-Hoc|iPhoneSimulator.Build.0 = Release|Any CPU
		{FC15D27A-59B0-4B69-92D3-58A7F2759340}.Ad-Hoc|iPhoneSimulator.Deploy.0 = Release|Any CPU
		{FC15D27A-59B0-4B69-92D3-58A7F2759340}.Ad-Hoc|x64.ActiveCfg = Release|Any CPU
		{FC15D27A-59B0-4B69-92D3-58A7F2759340}.Ad-Hoc|x64.Build.0 = Release|Any CPU
		{FC15D27A-59B0-4B69-92D3-58A7F2759340}.Ad-Hoc|x64.Deploy.0 = Release|Any CPU
		{FC15D27A-59B0-4B69-92D3-58A7F2759340}.Ad-Hoc|x86.ActiveCfg = Release|Any CPU
		{FC15D27A-59B0-4B69-92D3-58A7F2759340}.Ad-Hoc|x86.Build.0 = Release|Any CPU
		{FC15D27A-59B0-4B69-92D3-58A7F2759340}.Ad-Hoc|x86.Deploy.0 = Release|Any CPU
		{FC15D27A-59B0-4B69-92D3-58A7F2759340}.AppStore|Any CPU.ActiveCfg = Release|Any CPU
		{FC15D27A-59B0-4B69-92D3-58A7F2759340}.AppStore|Any CPU.Build.0 = Release|Any CPU
		{FC15D27A-59B0-4B69-92D3-58A7F2759340}.AppStore|Any CPU.Deploy.0 = Release|Any CPU
		{FC15D27A-59B0-4B69-92D3-58A7F2759340}.AppStore|ARM.ActiveCfg = Release|Any CPU
		{FC15D27A-59B0-4B69-92D3-58A7F2759340}.AppStore|ARM.Build.0 = Release|Any CPU
		{FC15D27A-59B0-4B69-92D3-58A7F2759340}.AppStore|ARM.Deploy.0 = Release|Any CPU
		{FC15D27A-59B0-4B69-92D3-58A7F2759340}.AppStore|iPhone.ActiveCfg = Release|Any CPU
		{FC15D27A-59B0-4B69-92D3-58A7F2759340}.AppStore|iPhone.Build.0 = Release|Any CPU
		{FC15D27A-59B0-4B69-92D3-58A7F2759340}.AppStore|iPhone.Deploy.0 = Release|Any CPU
		{FC15D27A-59B0-4B69-92D3-58A7F2759340}.AppStore|iPhoneSimulator.ActiveCfg = Release|Any CPU
		{FC15D27A-59B0-4B69-92D3-58A7F2759340}.AppStore|iPhoneSimulator.Build.0 = Release|Any CPU
		{FC15D27A-59B0-4B69-92D3-58A7F2759340}.AppStore|iPhoneSimulator.Deploy.0 = Release|Any CPU
		{FC15D27A-59B0-4B69-92D3-58A7F2759340}.AppStore|x64.ActiveCfg = Release|Any CPU
		{FC15D27A-59B0-4B69-92D3-58A7F2759340}.AppStore|x64.Build.0 = Release|Any CPU
		{FC15D27A-59B0-4B69-92D3-58A7F2759340}.AppStore|x64.Deploy.0 = Release|Any CPU
		{FC15D27A-59B0-4B69-92D3-58A7F2759340}.AppStore|x86.ActiveCfg = Release|Any CPU
		{FC15D27A-59B0-4B69-92D3-58A7F2759340}.AppStore|x86.Build.0 = Release|Any CPU
		{FC15D27A-59B0-4B69-92D3-58A7F2759340}.AppStore|x86.Deploy.0 = Release|Any CPU
		{FC15D27A-59B0-4B69-92D3-58A7F2759340}.Debug|Any CPU.ActiveCfg = Debug|Any CPU
		{FC15D27A-59B0-4B69-92D3-58A7F2759340}.Debug|Any CPU.Build.0 = Debug|Any CPU
		{FC15D27A-59B0-4B69-92D3-58A7F2759340}.Debug|Any CPU.Deploy.0 = Debug|Any CPU
		{FC15D27A-59B0-4B69-92D3-58A7F2759340}.Debug|ARM.ActiveCfg = Debug|Any CPU
		{FC15D27A-59B0-4B69-92D3-58A7F2759340}.Debug|ARM.Build.0 = Debug|Any CPU
		{FC15D27A-59B0-4B69-92D3-58A7F2759340}.Debug|ARM.Deploy.0 = Debug|Any CPU
		{FC15D27A-59B0-4B69-92D3-58A7F2759340}.Debug|iPhone.ActiveCfg = Debug|Any CPU
		{FC15D27A-59B0-4B69-92D3-58A7F2759340}.Debug|iPhone.Build.0 = Debug|Any CPU
		{FC15D27A-59B0-4B69-92D3-58A7F2759340}.Debug|iPhone.Deploy.0 = Debug|Any CPU
		{FC15D27A-59B0-4B69-92D3-58A7F2759340}.Debug|iPhoneSimulator.ActiveCfg = Debug|Any CPU
		{FC15D27A-59B0-4B69-92D3-58A7F2759340}.Debug|iPhoneSimulator.Build.0 = Debug|Any CPU
		{FC15D27A-59B0-4B69-92D3-58A7F2759340}.Debug|iPhoneSimulator.Deploy.0 = Debug|Any CPU
		{FC15D27A-59B0-4B69-92D3-58A7F2759340}.Debug|x64.ActiveCfg = Debug|Any CPU
		{FC15D27A-59B0-4B69-92D3-58A7F2759340}.Debug|x64.Build.0 = Debug|Any CPU
		{FC15D27A-59B0-4B69-92D3-58A7F2759340}.Debug|x64.Deploy.0 = Debug|Any CPU
		{FC15D27A-59B0-4B69-92D3-58A7F2759340}.Debug|x86.ActiveCfg = Debug|Any CPU
		{FC15D27A-59B0-4B69-92D3-58A7F2759340}.Debug|x86.Build.0 = Debug|Any CPU
		{FC15D27A-59B0-4B69-92D3-58A7F2759340}.Debug|x86.Deploy.0 = Debug|Any CPU
		{FC15D27A-59B0-4B69-92D3-58A7F2759340}.Release|Any CPU.ActiveCfg = Release|Any CPU
		{FC15D27A-59B0-4B69-92D3-58A7F2759340}.Release|Any CPU.Build.0 = Release|Any CPU
		{FC15D27A-59B0-4B69-92D3-58A7F2759340}.Release|Any CPU.Deploy.0 = Release|Any CPU
		{FC15D27A-59B0-4B69-92D3-58A7F2759340}.Release|ARM.ActiveCfg = Release|Any CPU
		{FC15D27A-59B0-4B69-92D3-58A7F2759340}.Release|ARM.Build.0 = Release|Any CPU
		{FC15D27A-59B0-4B69-92D3-58A7F2759340}.Release|ARM.Deploy.0 = Release|Any CPU
		{FC15D27A-59B0-4B69-92D3-58A7F2759340}.Release|iPhone.ActiveCfg = Release|Any CPU
		{FC15D27A-59B0-4B69-92D3-58A7F2759340}.Release|iPhone.Build.0 = Release|Any CPU
		{FC15D27A-59B0-4B69-92D3-58A7F2759340}.Release|iPhone.Deploy.0 = Release|Any CPU
		{FC15D27A-59B0-4B69-92D3-58A7F2759340}.Release|iPhoneSimulator.ActiveCfg = Release|Any CPU
		{FC15D27A-59B0-4B69-92D3-58A7F2759340}.Release|iPhoneSimulator.Build.0 = Release|Any CPU
		{FC15D27A-59B0-4B69-92D3-58A7F2759340}.Release|iPhoneSimulator.Deploy.0 = Release|Any CPU
		{FC15D27A-59B0-4B69-92D3-58A7F2759340}.Release|x64.ActiveCfg = Release|Any CPU
		{FC15D27A-59B0-4B69-92D3-58A7F2759340}.Release|x64.Build.0 = Release|Any CPU
		{FC15D27A-59B0-4B69-92D3-58A7F2759340}.Release|x64.Deploy.0 = Release|Any CPU
		{FC15D27A-59B0-4B69-92D3-58A7F2759340}.Release|x86.ActiveCfg = Release|Any CPU
		{FC15D27A-59B0-4B69-92D3-58A7F2759340}.Release|x86.Build.0 = Release|Any CPU
		{FC15D27A-59B0-4B69-92D3-58A7F2759340}.Release|x86.Deploy.0 = Release|Any CPU
		{2CD0627E-34DF-421A-80D0-F8A0AC2E8CDB}.Ad-Hoc|Any CPU.ActiveCfg = Ad-Hoc|iPhone
		{2CD0627E-34DF-421A-80D0-F8A0AC2E8CDB}.Ad-Hoc|Any CPU.Build.0 = Ad-Hoc|iPhone
		{2CD0627E-34DF-421A-80D0-F8A0AC2E8CDB}.Ad-Hoc|Any CPU.Deploy.0 = Ad-Hoc|iPhone
		{2CD0627E-34DF-421A-80D0-F8A0AC2E8CDB}.Ad-Hoc|ARM.ActiveCfg = Ad-Hoc|iPhone
		{2CD0627E-34DF-421A-80D0-F8A0AC2E8CDB}.Ad-Hoc|ARM.Build.0 = Ad-Hoc|iPhone
		{2CD0627E-34DF-421A-80D0-F8A0AC2E8CDB}.Ad-Hoc|ARM.Deploy.0 = Ad-Hoc|iPhone
		{2CD0627E-34DF-421A-80D0-F8A0AC2E8CDB}.Ad-Hoc|iPhone.ActiveCfg = Ad-Hoc|iPhone
		{2CD0627E-34DF-421A-80D0-F8A0AC2E8CDB}.Ad-Hoc|iPhone.Build.0 = Ad-Hoc|iPhone
		{2CD0627E-34DF-421A-80D0-F8A0AC2E8CDB}.Ad-Hoc|iPhone.Deploy.0 = Ad-Hoc|iPhone
		{2CD0627E-34DF-421A-80D0-F8A0AC2E8CDB}.Ad-Hoc|iPhoneSimulator.ActiveCfg = Ad-Hoc|iPhoneSimulator
		{2CD0627E-34DF-421A-80D0-F8A0AC2E8CDB}.Ad-Hoc|iPhoneSimulator.Build.0 = Ad-Hoc|iPhoneSimulator
		{2CD0627E-34DF-421A-80D0-F8A0AC2E8CDB}.Ad-Hoc|iPhoneSimulator.Deploy.0 = Ad-Hoc|iPhoneSimulator
		{2CD0627E-34DF-421A-80D0-F8A0AC2E8CDB}.Ad-Hoc|x64.ActiveCfg = Ad-Hoc|iPhone
		{2CD0627E-34DF-421A-80D0-F8A0AC2E8CDB}.Ad-Hoc|x64.Build.0 = Ad-Hoc|iPhone
		{2CD0627E-34DF-421A-80D0-F8A0AC2E8CDB}.Ad-Hoc|x64.Deploy.0 = Ad-Hoc|iPhone
		{2CD0627E-34DF-421A-80D0-F8A0AC2E8CDB}.Ad-Hoc|x86.ActiveCfg = Ad-Hoc|iPhone
		{2CD0627E-34DF-421A-80D0-F8A0AC2E8CDB}.Ad-Hoc|x86.Build.0 = Ad-Hoc|iPhone
		{2CD0627E-34DF-421A-80D0-F8A0AC2E8CDB}.Ad-Hoc|x86.Deploy.0 = Ad-Hoc|iPhone
		{2CD0627E-34DF-421A-80D0-F8A0AC2E8CDB}.AppStore|Any CPU.ActiveCfg = AppStore|iPhone
		{2CD0627E-34DF-421A-80D0-F8A0AC2E8CDB}.AppStore|Any CPU.Build.0 = AppStore|iPhone
		{2CD0627E-34DF-421A-80D0-F8A0AC2E8CDB}.AppStore|Any CPU.Deploy.0 = AppStore|iPhone
		{2CD0627E-34DF-421A-80D0-F8A0AC2E8CDB}.AppStore|ARM.ActiveCfg = AppStore|iPhone
		{2CD0627E-34DF-421A-80D0-F8A0AC2E8CDB}.AppStore|ARM.Build.0 = AppStore|iPhone
		{2CD0627E-34DF-421A-80D0-F8A0AC2E8CDB}.AppStore|ARM.Deploy.0 = AppStore|iPhone
		{2CD0627E-34DF-421A-80D0-F8A0AC2E8CDB}.AppStore|iPhone.ActiveCfg = AppStore|iPhone
		{2CD0627E-34DF-421A-80D0-F8A0AC2E8CDB}.AppStore|iPhone.Build.0 = AppStore|iPhone
		{2CD0627E-34DF-421A-80D0-F8A0AC2E8CDB}.AppStore|iPhone.Deploy.0 = AppStore|iPhone
		{2CD0627E-34DF-421A-80D0-F8A0AC2E8CDB}.AppStore|iPhoneSimulator.ActiveCfg = AppStore|iPhoneSimulator
		{2CD0627E-34DF-421A-80D0-F8A0AC2E8CDB}.AppStore|iPhoneSimulator.Build.0 = AppStore|iPhoneSimulator
		{2CD0627E-34DF-421A-80D0-F8A0AC2E8CDB}.AppStore|iPhoneSimulator.Deploy.0 = AppStore|iPhoneSimulator
		{2CD0627E-34DF-421A-80D0-F8A0AC2E8CDB}.AppStore|x64.ActiveCfg = AppStore|iPhone
		{2CD0627E-34DF-421A-80D0-F8A0AC2E8CDB}.AppStore|x64.Build.0 = AppStore|iPhone
		{2CD0627E-34DF-421A-80D0-F8A0AC2E8CDB}.AppStore|x64.Deploy.0 = AppStore|iPhone
		{2CD0627E-34DF-421A-80D0-F8A0AC2E8CDB}.AppStore|x86.ActiveCfg = AppStore|iPhone
		{2CD0627E-34DF-421A-80D0-F8A0AC2E8CDB}.AppStore|x86.Build.0 = AppStore|iPhone
		{2CD0627E-34DF-421A-80D0-F8A0AC2E8CDB}.AppStore|x86.Deploy.0 = AppStore|iPhone
		{2CD0627E-34DF-421A-80D0-F8A0AC2E8CDB}.Debug|Any CPU.ActiveCfg = Debug|iPhoneSimulator
		{2CD0627E-34DF-421A-80D0-F8A0AC2E8CDB}.Debug|Any CPU.Build.0 = Debug|iPhoneSimulator
		{2CD0627E-34DF-421A-80D0-F8A0AC2E8CDB}.Debug|Any CPU.Deploy.0 = Debug|iPhoneSimulator
		{2CD0627E-34DF-421A-80D0-F8A0AC2E8CDB}.Debug|ARM.ActiveCfg = Debug|iPhone
		{2CD0627E-34DF-421A-80D0-F8A0AC2E8CDB}.Debug|ARM.Build.0 = Debug|iPhone
		{2CD0627E-34DF-421A-80D0-F8A0AC2E8CDB}.Debug|ARM.Deploy.0 = Debug|iPhone
		{2CD0627E-34DF-421A-80D0-F8A0AC2E8CDB}.Debug|iPhone.ActiveCfg = Debug|iPhone
		{2CD0627E-34DF-421A-80D0-F8A0AC2E8CDB}.Debug|iPhone.Build.0 = Debug|iPhone
		{2CD0627E-34DF-421A-80D0-F8A0AC2E8CDB}.Debug|iPhone.Deploy.0 = Debug|iPhone
		{2CD0627E-34DF-421A-80D0-F8A0AC2E8CDB}.Debug|iPhoneSimulator.ActiveCfg = Debug|iPhoneSimulator
		{2CD0627E-34DF-421A-80D0-F8A0AC2E8CDB}.Debug|iPhoneSimulator.Build.0 = Debug|iPhoneSimulator
		{2CD0627E-34DF-421A-80D0-F8A0AC2E8CDB}.Debug|iPhoneSimulator.Deploy.0 = Debug|iPhoneSimulator
		{2CD0627E-34DF-421A-80D0-F8A0AC2E8CDB}.Debug|x64.ActiveCfg = Debug|iPhone
		{2CD0627E-34DF-421A-80D0-F8A0AC2E8CDB}.Debug|x64.Build.0 = Debug|iPhone
		{2CD0627E-34DF-421A-80D0-F8A0AC2E8CDB}.Debug|x64.Deploy.0 = Debug|iPhone
		{2CD0627E-34DF-421A-80D0-F8A0AC2E8CDB}.Debug|x86.ActiveCfg = Debug|iPhone
		{2CD0627E-34DF-421A-80D0-F8A0AC2E8CDB}.Debug|x86.Build.0 = Debug|iPhone
		{2CD0627E-34DF-421A-80D0-F8A0AC2E8CDB}.Debug|x86.Deploy.0 = Debug|iPhone
		{2CD0627E-34DF-421A-80D0-F8A0AC2E8CDB}.Release|Any CPU.ActiveCfg = Release|iPhone
		{2CD0627E-34DF-421A-80D0-F8A0AC2E8CDB}.Release|Any CPU.Build.0 = Release|iPhone
		{2CD0627E-34DF-421A-80D0-F8A0AC2E8CDB}.Release|Any CPU.Deploy.0 = Release|iPhone
		{2CD0627E-34DF-421A-80D0-F8A0AC2E8CDB}.Release|ARM.ActiveCfg = Release|iPhone
		{2CD0627E-34DF-421A-80D0-F8A0AC2E8CDB}.Release|ARM.Build.0 = Release|iPhone
		{2CD0627E-34DF-421A-80D0-F8A0AC2E8CDB}.Release|ARM.Deploy.0 = Release|iPhone
		{2CD0627E-34DF-421A-80D0-F8A0AC2E8CDB}.Release|iPhone.ActiveCfg = Release|iPhone
		{2CD0627E-34DF-421A-80D0-F8A0AC2E8CDB}.Release|iPhone.Build.0 = Release|iPhone
		{2CD0627E-34DF-421A-80D0-F8A0AC2E8CDB}.Release|iPhone.Deploy.0 = Release|iPhone
		{2CD0627E-34DF-421A-80D0-F8A0AC2E8CDB}.Release|iPhoneSimulator.ActiveCfg = Release|iPhoneSimulator
		{2CD0627E-34DF-421A-80D0-F8A0AC2E8CDB}.Release|iPhoneSimulator.Build.0 = Release|iPhoneSimulator
		{2CD0627E-34DF-421A-80D0-F8A0AC2E8CDB}.Release|iPhoneSimulator.Deploy.0 = Release|iPhoneSimulator
		{2CD0627E-34DF-421A-80D0-F8A0AC2E8CDB}.Release|x64.ActiveCfg = Release|iPhone
		{2CD0627E-34DF-421A-80D0-F8A0AC2E8CDB}.Release|x64.Build.0 = Release|iPhone
		{2CD0627E-34DF-421A-80D0-F8A0AC2E8CDB}.Release|x64.Deploy.0 = Release|iPhone
		{2CD0627E-34DF-421A-80D0-F8A0AC2E8CDB}.Release|x86.ActiveCfg = Release|iPhone
		{2CD0627E-34DF-421A-80D0-F8A0AC2E8CDB}.Release|x86.Build.0 = Release|iPhone
		{2CD0627E-34DF-421A-80D0-F8A0AC2E8CDB}.Release|x86.Deploy.0 = Release|iPhone
		{EE5EC391-B4A6-4283-B39C-9C80A0C07F33}.Ad-Hoc|Any CPU.ActiveCfg = Release|x86
		{EE5EC391-B4A6-4283-B39C-9C80A0C07F33}.Ad-Hoc|Any CPU.Build.0 = Release|x86
		{EE5EC391-B4A6-4283-B39C-9C80A0C07F33}.Ad-Hoc|Any CPU.Deploy.0 = Release|x86
		{EE5EC391-B4A6-4283-B39C-9C80A0C07F33}.Ad-Hoc|ARM.ActiveCfg = Release|ARM
		{EE5EC391-B4A6-4283-B39C-9C80A0C07F33}.Ad-Hoc|ARM.Build.0 = Release|ARM
		{EE5EC391-B4A6-4283-B39C-9C80A0C07F33}.Ad-Hoc|ARM.Deploy.0 = Release|ARM
		{EE5EC391-B4A6-4283-B39C-9C80A0C07F33}.Ad-Hoc|iPhone.ActiveCfg = Release|x86
		{EE5EC391-B4A6-4283-B39C-9C80A0C07F33}.Ad-Hoc|iPhone.Build.0 = Release|x86
		{EE5EC391-B4A6-4283-B39C-9C80A0C07F33}.Ad-Hoc|iPhone.Deploy.0 = Release|x86
		{EE5EC391-B4A6-4283-B39C-9C80A0C07F33}.Ad-Hoc|iPhoneSimulator.ActiveCfg = Release|x86
		{EE5EC391-B4A6-4283-B39C-9C80A0C07F33}.Ad-Hoc|iPhoneSimulator.Build.0 = Release|x86
		{EE5EC391-B4A6-4283-B39C-9C80A0C07F33}.Ad-Hoc|iPhoneSimulator.Deploy.0 = Release|x86
		{EE5EC391-B4A6-4283-B39C-9C80A0C07F33}.Ad-Hoc|x64.ActiveCfg = Release|x64
		{EE5EC391-B4A6-4283-B39C-9C80A0C07F33}.Ad-Hoc|x64.Build.0 = Release|x64
		{EE5EC391-B4A6-4283-B39C-9C80A0C07F33}.Ad-Hoc|x64.Deploy.0 = Release|x64
		{EE5EC391-B4A6-4283-B39C-9C80A0C07F33}.Ad-Hoc|x86.ActiveCfg = Release|x86
		{EE5EC391-B4A6-4283-B39C-9C80A0C07F33}.Ad-Hoc|x86.Build.0 = Release|x86
		{EE5EC391-B4A6-4283-B39C-9C80A0C07F33}.Ad-Hoc|x86.Deploy.0 = Release|x86
		{EE5EC391-B4A6-4283-B39C-9C80A0C07F33}.AppStore|Any CPU.ActiveCfg = Release|x86
		{EE5EC391-B4A6-4283-B39C-9C80A0C07F33}.AppStore|Any CPU.Build.0 = Release|x86
		{EE5EC391-B4A6-4283-B39C-9C80A0C07F33}.AppStore|Any CPU.Deploy.0 = Release|x86
		{EE5EC391-B4A6-4283-B39C-9C80A0C07F33}.AppStore|ARM.ActiveCfg = Release|ARM
		{EE5EC391-B4A6-4283-B39C-9C80A0C07F33}.AppStore|ARM.Build.0 = Release|ARM
		{EE5EC391-B4A6-4283-B39C-9C80A0C07F33}.AppStore|ARM.Deploy.0 = Release|ARM
		{EE5EC391-B4A6-4283-B39C-9C80A0C07F33}.AppStore|iPhone.ActiveCfg = Release|x86
		{EE5EC391-B4A6-4283-B39C-9C80A0C07F33}.AppStore|iPhone.Build.0 = Release|x86
		{EE5EC391-B4A6-4283-B39C-9C80A0C07F33}.AppStore|iPhone.Deploy.0 = Release|x86
		{EE5EC391-B4A6-4283-B39C-9C80A0C07F33}.AppStore|iPhoneSimulator.ActiveCfg = Release|x86
		{EE5EC391-B4A6-4283-B39C-9C80A0C07F33}.AppStore|iPhoneSimulator.Build.0 = Release|x86
		{EE5EC391-B4A6-4283-B39C-9C80A0C07F33}.AppStore|iPhoneSimulator.Deploy.0 = Release|x86
		{EE5EC391-B4A6-4283-B39C-9C80A0C07F33}.AppStore|x64.ActiveCfg = Release|x64
		{EE5EC391-B4A6-4283-B39C-9C80A0C07F33}.AppStore|x64.Build.0 = Release|x64
		{EE5EC391-B4A6-4283-B39C-9C80A0C07F33}.AppStore|x64.Deploy.0 = Release|x64
		{EE5EC391-B4A6-4283-B39C-9C80A0C07F33}.AppStore|x86.ActiveCfg = Release|x86
		{EE5EC391-B4A6-4283-B39C-9C80A0C07F33}.AppStore|x86.Build.0 = Release|x86
		{EE5EC391-B4A6-4283-B39C-9C80A0C07F33}.AppStore|x86.Deploy.0 = Release|x86
		{EE5EC391-B4A6-4283-B39C-9C80A0C07F33}.Debug|Any CPU.ActiveCfg = Debug|x86
		{EE5EC391-B4A6-4283-B39C-9C80A0C07F33}.Debug|Any CPU.Build.0 = Debug|x86
		{EE5EC391-B4A6-4283-B39C-9C80A0C07F33}.Debug|Any CPU.Deploy.0 = Debug|x86
		{EE5EC391-B4A6-4283-B39C-9C80A0C07F33}.Debug|ARM.ActiveCfg = Debug|ARM
		{EE5EC391-B4A6-4283-B39C-9C80A0C07F33}.Debug|ARM.Build.0 = Debug|ARM
		{EE5EC391-B4A6-4283-B39C-9C80A0C07F33}.Debug|ARM.Deploy.0 = Debug|ARM
		{EE5EC391-B4A6-4283-B39C-9C80A0C07F33}.Debug|iPhone.ActiveCfg = Debug|x86
		{EE5EC391-B4A6-4283-B39C-9C80A0C07F33}.Debug|iPhone.Build.0 = Debug|x86
		{EE5EC391-B4A6-4283-B39C-9C80A0C07F33}.Debug|iPhone.Deploy.0 = Debug|x86
		{EE5EC391-B4A6-4283-B39C-9C80A0C07F33}.Debug|iPhoneSimulator.ActiveCfg = Debug|x86
		{EE5EC391-B4A6-4283-B39C-9C80A0C07F33}.Debug|iPhoneSimulator.Build.0 = Debug|x86
		{EE5EC391-B4A6-4283-B39C-9C80A0C07F33}.Debug|iPhoneSimulator.Deploy.0 = Debug|x86
		{EE5EC391-B4A6-4283-B39C-9C80A0C07F33}.Debug|x64.ActiveCfg = Debug|x64
		{EE5EC391-B4A6-4283-B39C-9C80A0C07F33}.Debug|x64.Build.0 = Debug|x64
		{EE5EC391-B4A6-4283-B39C-9C80A0C07F33}.Debug|x64.Deploy.0 = Debug|x64
		{EE5EC391-B4A6-4283-B39C-9C80A0C07F33}.Debug|x86.ActiveCfg = Debug|x86
		{EE5EC391-B4A6-4283-B39C-9C80A0C07F33}.Debug|x86.Build.0 = Debug|x86
		{EE5EC391-B4A6-4283-B39C-9C80A0C07F33}.Debug|x86.Deploy.0 = Debug|x86
		{EE5EC391-B4A6-4283-B39C-9C80A0C07F33}.Release|Any CPU.ActiveCfg = Release|x86
		{EE5EC391-B4A6-4283-B39C-9C80A0C07F33}.Release|Any CPU.Build.0 = Release|x86
		{EE5EC391-B4A6-4283-B39C-9C80A0C07F33}.Release|Any CPU.Deploy.0 = Release|x86
		{EE5EC391-B4A6-4283-B39C-9C80A0C07F33}.Release|ARM.ActiveCfg = Release|ARM
		{EE5EC391-B4A6-4283-B39C-9C80A0C07F33}.Release|ARM.Build.0 = Release|ARM
		{EE5EC391-B4A6-4283-B39C-9C80A0C07F33}.Release|ARM.Deploy.0 = Release|ARM
		{EE5EC391-B4A6-4283-B39C-9C80A0C07F33}.Release|iPhone.ActiveCfg = Release|x86
		{EE5EC391-B4A6-4283-B39C-9C80A0C07F33}.Release|iPhone.Build.0 = Release|x86
		{EE5EC391-B4A6-4283-B39C-9C80A0C07F33}.Release|iPhone.Deploy.0 = Release|x86
		{EE5EC391-B4A6-4283-B39C-9C80A0C07F33}.Release|iPhoneSimulator.ActiveCfg = Release|x86
		{EE5EC391-B4A6-4283-B39C-9C80A0C07F33}.Release|iPhoneSimulator.Build.0 = Release|x86
		{EE5EC391-B4A6-4283-B39C-9C80A0C07F33}.Release|iPhoneSimulator.Deploy.0 = Release|x86
		{EE5EC391-B4A6-4283-B39C-9C80A0C07F33}.Release|x64.ActiveCfg = Release|x64
		{EE5EC391-B4A6-4283-B39C-9C80A0C07F33}.Release|x64.Build.0 = Release|x64
		{EE5EC391-B4A6-4283-B39C-9C80A0C07F33}.Release|x64.Deploy.0 = Release|x64
		{EE5EC391-B4A6-4283-B39C-9C80A0C07F33}.Release|x86.ActiveCfg = Release|x86
		{EE5EC391-B4A6-4283-B39C-9C80A0C07F33}.Release|x86.Build.0 = Release|x86
		{EE5EC391-B4A6-4283-B39C-9C80A0C07F33}.Release|x86.Deploy.0 = Release|x86
		{5A8D6EF2-D13B-4655-AF05-A0798B1BB089}.Ad-Hoc|Any CPU.ActiveCfg = Debug|Any CPU
		{5A8D6EF2-D13B-4655-AF05-A0798B1BB089}.Ad-Hoc|Any CPU.Build.0 = Debug|Any CPU
		{5A8D6EF2-D13B-4655-AF05-A0798B1BB089}.Ad-Hoc|Any CPU.Deploy.0 = Debug|Any CPU
		{5A8D6EF2-D13B-4655-AF05-A0798B1BB089}.Ad-Hoc|ARM.ActiveCfg = Debug|Any CPU
		{5A8D6EF2-D13B-4655-AF05-A0798B1BB089}.Ad-Hoc|ARM.Build.0 = Debug|Any CPU
		{5A8D6EF2-D13B-4655-AF05-A0798B1BB089}.Ad-Hoc|ARM.Deploy.0 = Debug|Any CPU
		{5A8D6EF2-D13B-4655-AF05-A0798B1BB089}.Ad-Hoc|iPhone.ActiveCfg = Debug|Any CPU
		{5A8D6EF2-D13B-4655-AF05-A0798B1BB089}.Ad-Hoc|iPhone.Build.0 = Debug|Any CPU
		{5A8D6EF2-D13B-4655-AF05-A0798B1BB089}.Ad-Hoc|iPhone.Deploy.0 = Debug|Any CPU
		{5A8D6EF2-D13B-4655-AF05-A0798B1BB089}.Ad-Hoc|iPhoneSimulator.ActiveCfg = Debug|Any CPU
		{5A8D6EF2-D13B-4655-AF05-A0798B1BB089}.Ad-Hoc|iPhoneSimulator.Build.0 = Debug|Any CPU
		{5A8D6EF2-D13B-4655-AF05-A0798B1BB089}.Ad-Hoc|iPhoneSimulator.Deploy.0 = Debug|Any CPU
		{5A8D6EF2-D13B-4655-AF05-A0798B1BB089}.Ad-Hoc|x64.ActiveCfg = Debug|Any CPU
		{5A8D6EF2-D13B-4655-AF05-A0798B1BB089}.Ad-Hoc|x64.Build.0 = Debug|Any CPU
		{5A8D6EF2-D13B-4655-AF05-A0798B1BB089}.Ad-Hoc|x64.Deploy.0 = Debug|Any CPU
		{5A8D6EF2-D13B-4655-AF05-A0798B1BB089}.Ad-Hoc|x86.ActiveCfg = Debug|Any CPU
		{5A8D6EF2-D13B-4655-AF05-A0798B1BB089}.Ad-Hoc|x86.Build.0 = Debug|Any CPU
		{5A8D6EF2-D13B-4655-AF05-A0798B1BB089}.Ad-Hoc|x86.Deploy.0 = Debug|Any CPU
		{5A8D6EF2-D13B-4655-AF05-A0798B1BB089}.AppStore|Any CPU.ActiveCfg = Debug|Any CPU
		{5A8D6EF2-D13B-4655-AF05-A0798B1BB089}.AppStore|Any CPU.Build.0 = Debug|Any CPU
		{5A8D6EF2-D13B-4655-AF05-A0798B1BB089}.AppStore|Any CPU.Deploy.0 = Debug|Any CPU
		{5A8D6EF2-D13B-4655-AF05-A0798B1BB089}.AppStore|ARM.ActiveCfg = Debug|Any CPU
		{5A8D6EF2-D13B-4655-AF05-A0798B1BB089}.AppStore|ARM.Build.0 = Debug|Any CPU
		{5A8D6EF2-D13B-4655-AF05-A0798B1BB089}.AppStore|ARM.Deploy.0 = Debug|Any CPU
		{5A8D6EF2-D13B-4655-AF05-A0798B1BB089}.AppStore|iPhone.ActiveCfg = Debug|Any CPU
		{5A8D6EF2-D13B-4655-AF05-A0798B1BB089}.AppStore|iPhone.Build.0 = Debug|Any CPU
		{5A8D6EF2-D13B-4655-AF05-A0798B1BB089}.AppStore|iPhone.Deploy.0 = Debug|Any CPU
		{5A8D6EF2-D13B-4655-AF05-A0798B1BB089}.AppStore|iPhoneSimulator.ActiveCfg = Debug|Any CPU
		{5A8D6EF2-D13B-4655-AF05-A0798B1BB089}.AppStore|iPhoneSimulator.Build.0 = Debug|Any CPU
		{5A8D6EF2-D13B-4655-AF05-A0798B1BB089}.AppStore|iPhoneSimulator.Deploy.0 = Debug|Any CPU
		{5A8D6EF2-D13B-4655-AF05-A0798B1BB089}.AppStore|x64.ActiveCfg = Debug|Any CPU
		{5A8D6EF2-D13B-4655-AF05-A0798B1BB089}.AppStore|x64.Build.0 = Debug|Any CPU
		{5A8D6EF2-D13B-4655-AF05-A0798B1BB089}.AppStore|x64.Deploy.0 = Debug|Any CPU
		{5A8D6EF2-D13B-4655-AF05-A0798B1BB089}.AppStore|x86.ActiveCfg = Debug|Any CPU
		{5A8D6EF2-D13B-4655-AF05-A0798B1BB089}.AppStore|x86.Build.0 = Debug|Any CPU
		{5A8D6EF2-D13B-4655-AF05-A0798B1BB089}.AppStore|x86.Deploy.0 = Debug|Any CPU
		{5A8D6EF2-D13B-4655-AF05-A0798B1BB089}.Debug|Any CPU.ActiveCfg = Debug|Any CPU
		{5A8D6EF2-D13B-4655-AF05-A0798B1BB089}.Debug|Any CPU.Build.0 = Debug|Any CPU
		{5A8D6EF2-D13B-4655-AF05-A0798B1BB089}.Debug|Any CPU.Deploy.0 = Debug|Any CPU
		{5A8D6EF2-D13B-4655-AF05-A0798B1BB089}.Debug|ARM.ActiveCfg = Debug|Any CPU
		{5A8D6EF2-D13B-4655-AF05-A0798B1BB089}.Debug|ARM.Build.0 = Debug|Any CPU
		{5A8D6EF2-D13B-4655-AF05-A0798B1BB089}.Debug|ARM.Deploy.0 = Debug|Any CPU
		{5A8D6EF2-D13B-4655-AF05-A0798B1BB089}.Debug|iPhone.ActiveCfg = Debug|Any CPU
		{5A8D6EF2-D13B-4655-AF05-A0798B1BB089}.Debug|iPhone.Build.0 = Debug|Any CPU
		{5A8D6EF2-D13B-4655-AF05-A0798B1BB089}.Debug|iPhone.Deploy.0 = Debug|Any CPU
		{5A8D6EF2-D13B-4655-AF05-A0798B1BB089}.Debug|iPhoneSimulator.ActiveCfg = Debug|Any CPU
		{5A8D6EF2-D13B-4655-AF05-A0798B1BB089}.Debug|iPhoneSimulator.Build.0 = Debug|Any CPU
		{5A8D6EF2-D13B-4655-AF05-A0798B1BB089}.Debug|iPhoneSimulator.Deploy.0 = Debug|Any CPU
		{5A8D6EF2-D13B-4655-AF05-A0798B1BB089}.Debug|x64.ActiveCfg = Debug|Any CPU
		{5A8D6EF2-D13B-4655-AF05-A0798B1BB089}.Debug|x64.Build.0 = Debug|Any CPU
		{5A8D6EF2-D13B-4655-AF05-A0798B1BB089}.Debug|x64.Deploy.0 = Debug|Any CPU
		{5A8D6EF2-D13B-4655-AF05-A0798B1BB089}.Debug|x86.ActiveCfg = Debug|Any CPU
		{5A8D6EF2-D13B-4655-AF05-A0798B1BB089}.Debug|x86.Build.0 = Debug|Any CPU
		{5A8D6EF2-D13B-4655-AF05-A0798B1BB089}.Debug|x86.Deploy.0 = Debug|Any CPU
		{5A8D6EF2-D13B-4655-AF05-A0798B1BB089}.Release|Any CPU.ActiveCfg = Release|Any CPU
		{5A8D6EF2-D13B-4655-AF05-A0798B1BB089}.Release|Any CPU.Build.0 = Release|Any CPU
		{5A8D6EF2-D13B-4655-AF05-A0798B1BB089}.Release|Any CPU.Deploy.0 = Release|Any CPU
		{5A8D6EF2-D13B-4655-AF05-A0798B1BB089}.Release|ARM.ActiveCfg = Release|Any CPU
		{5A8D6EF2-D13B-4655-AF05-A0798B1BB089}.Release|ARM.Build.0 = Release|Any CPU
		{5A8D6EF2-D13B-4655-AF05-A0798B1BB089}.Release|ARM.Deploy.0 = Release|Any CPU
		{5A8D6EF2-D13B-4655-AF05-A0798B1BB089}.Release|iPhone.ActiveCfg = Release|Any CPU
		{5A8D6EF2-D13B-4655-AF05-A0798B1BB089}.Release|iPhone.Build.0 = Release|Any CPU
		{5A8D6EF2-D13B-4655-AF05-A0798B1BB089}.Release|iPhone.Deploy.0 = Release|Any CPU
		{5A8D6EF2-D13B-4655-AF05-A0798B1BB089}.Release|iPhoneSimulator.ActiveCfg = Release|Any CPU
		{5A8D6EF2-D13B-4655-AF05-A0798B1BB089}.Release|iPhoneSimulator.Build.0 = Release|Any CPU
		{5A8D6EF2-D13B-4655-AF05-A0798B1BB089}.Release|iPhoneSimulator.Deploy.0 = Release|Any CPU
		{5A8D6EF2-D13B-4655-AF05-A0798B1BB089}.Release|x64.ActiveCfg = Release|Any CPU
		{5A8D6EF2-D13B-4655-AF05-A0798B1BB089}.Release|x64.Build.0 = Release|Any CPU
		{5A8D6EF2-D13B-4655-AF05-A0798B1BB089}.Release|x64.Deploy.0 = Release|Any CPU
		{5A8D6EF2-D13B-4655-AF05-A0798B1BB089}.Release|x86.ActiveCfg = Release|Any CPU
		{5A8D6EF2-D13B-4655-AF05-A0798B1BB089}.Release|x86.Build.0 = Release|Any CPU
		{5A8D6EF2-D13B-4655-AF05-A0798B1BB089}.Release|x86.Deploy.0 = Release|Any CPU
	EndGlobalSection
	GlobalSection(SolutionProperties) = preSolution
		HideSolutionNode = FALSE
	EndGlobalSection
	GlobalSection(ExtensibilityGlobals) = postSolution
		SolutionGuid = {B0C1D68F-ADAB-47F9-9113-24B08603ECEF}
	EndGlobalSection
EndGlobal
